{
  "name": "tidslinjal",
  "version": "1.0.0",
  "lockfileVersion": 3,
  "requires": true,
  "packages": {
    "": {
      "name": "tidslinjal",
      "version": "1.0.0",
      "license": "ISC",
      "dependencies": {
        "jspreadsheet-ce": "^5.0.4",
        "jsuites": "^5.13.5",
        "leaflet": "^1.9.4"
      }
    },
    "node_modules/@jspreadsheet/formula": {
      "version": "2.0.2",
      "resolved": "https://registry.npmjs.org/@jspreadsheet/formula/-/formula-2.0.2.tgz",
      "integrity": "sha512-PDQYf9REQA53I7tVYkvkeyQxrd5jcjUeHgItYnRpjN2QiIQwawSqBDtGGEVQTSboTG+JwgGCuhvOpj7FxeKwew=="
    },
    "node_modules/jspreadsheet-ce": {
      "version": "5.0.4",
      "resolved": "https://registry.npmjs.org/jspreadsheet-ce/-/jspreadsheet-ce-5.0.4.tgz",
      "integrity": "sha512-ra1JI1n+tEGgRMzTzNkPZjG0HZz8W6bFGAiTiHl+eYarXdRmS5qDc/ua3l2ev7oZ6Og9kjfrXYHVLUWiVc308w==",
      "dependencies": {
        "@jspreadsheet/formula": "^2.0.2",
        "jsuites": "^5.12.0"
      }
    },
    "node_modules/jsuites": {
      "version": "5.13.5",
      "resolved": "https://registry.npmjs.org/jsuites/-/jsuites-5.13.5.tgz",
      "integrity": "sha512-cvkcpy/v5I3+IAcNPE4UP38PFCEfUQw9JI5NN61dlcXLwkD+2UTIOsRPvgMLeqI1eDWHL4AHfrbcE/+TFciUsw=="
    },
    "node_modules/leaflet": {
      "version": "1.9.4",
      "resolved": "https://registry.npmjs.org/leaflet/-/leaflet-1.9.4.tgz",
      "integrity": "sha512-nxS1ynzJOmOlHp+iL3FyWqK89GtNL8U8rvlMOsQdTTssxZwCXh8N2NB3GDQOL+YR3XnWyZAxwQixURb+FA74PA==",
      "license": "BSD-2-Clause"
    }
  }
}
